// !$*UTF8*$!
{
	archiveVersion = 1;
	classes = {
	};
	objectVersion = 52;
	objects = {

/* Begin PBXBuildFile section */
		1E3A611E3F5939513CD20730 /* Pods_SimulatorTests.framework in Frameworks */ = {isa = PBXBuildFile; fileRef = D56DDCF99DAD60DA72A65958 /* Pods_SimulatorTests.framework */; };
		6FF762D03711DB99FE4158F7 /* Pods_Simulator.framework in Frameworks */ = {isa = PBXBuildFile; fileRef = 6BC3487154996EDBC5753121 /* Pods_Simulator.framework */; };
		B502BF41261D0436003E1DC0 /* (null) in Embed Frameworks */ = {isa = PBXBuildFile; settings = {ATTRIBUTES = (RemoveHeadersOnCopy, ); }; };
		B504FB42261065670020F07C /* AppDelegate.swift in Sources */ = {isa = PBXBuildFile; fileRef = B504FB41261065670020F07C /* AppDelegate.swift */; };
		B504FB44261065670020F07C /* SceneDelegate.swift in Sources */ = {isa = PBXBuildFile; fileRef = B504FB43261065670020F07C /* SceneDelegate.swift */; };
		B504FB46261065670020F07C /* SplashViewController.swift in Sources */ = {isa = PBXBuildFile; fileRef = B504FB45261065670020F07C /* SplashViewController.swift */; };
		B504FB49261065670020F07C /* Splash.storyboard in Resources */ = {isa = PBXBuildFile; fileRef = B504FB47261065670020F07C /* Splash.storyboard */; };
		B504FB4B261065680020F07C /* Assets.xcassets in Resources */ = {isa = PBXBuildFile; fileRef = B504FB4A261065680020F07C /* Assets.xcassets */; };
		B504FB4E261065680020F07C /* LaunchScreen.storyboard in Resources */ = {isa = PBXBuildFile; fileRef = B504FB4C261065680020F07C /* LaunchScreen.storyboard */; };
		B504FB59261065680020F07C /* SimulatorTests.swift in Sources */ = {isa = PBXBuildFile; fileRef = B504FB58261065680020F07C /* SimulatorTests.swift */; };
		B504FB64261065680020F07C /* SimulatorUITests.swift in Sources */ = {isa = PBXBuildFile; fileRef = B504FB63261065680020F07C /* SimulatorUITests.swift */; };
		B506868B26200EEF0008ECC9 /* Configuration.swift in Sources */ = {isa = PBXBuildFile; fileRef = B506868A26200EEF0008ECC9 /* Configuration.swift */; };
		B5068693262010C30008ECC9 /* BaseApiError.swift in Sources */ = {isa = PBXBuildFile; fileRef = B5068692262010C30008ECC9 /* BaseApiError.swift */; };
		B5068699262012340008ECC9 /* ApiRequestBase.swift in Sources */ = {isa = PBXBuildFile; fileRef = B5068698262012340008ECC9 /* ApiRequestBase.swift */; };
		B506869D262012480008ECC9 /* ParametersSimulatorResponse.swift in Sources */ = {isa = PBXBuildFile; fileRef = B506869C262012480008ECC9 /* ParametersSimulatorResponse.swift */; };
		B50686A1262014780008ECC9 /* ISimulatorRepository.swift in Sources */ = {isa = PBXBuildFile; fileRef = B50686A0262014780008ECC9 /* ISimulatorRepository.swift */; };
		B50686A8262015F80008ECC9 /* SimulatorRepository.swift in Sources */ = {isa = PBXBuildFile; fileRef = B50686A7262015F80008ECC9 /* SimulatorRepository.swift */; };
		B524B46A261D0E8E00B8DB01 /* iOSDropDown.framework in Frameworks */ = {isa = PBXBuildFile; fileRef = B524B469261D0E8E00B8DB01 /* iOSDropDown.framework */; };
		B524B47D261EB5AC00B8DB01 /* IQKeyboardManagerSwift.framework in Frameworks */ = {isa = PBXBuildFile; fileRef = B524B47C261EB5AC00B8DB01 /* IQKeyboardManagerSwift.framework */; };
		B524B48F261F96DD00B8DB01 /* ResultViewController.swift in Sources */ = {isa = PBXBuildFile; fileRef = B524B48E261F96DD00B8DB01 /* ResultViewController.swift */; };
		B524B4A8261FE59A00B8DB01 /* simulator_splash.json in Resources */ = {isa = PBXBuildFile; fileRef = B524B4A7261FE59A00B8DB01 /* simulator_splash.json */; };
		B524B4B7261FF9A800B8DB01 /* Home.storyboard in Resources */ = {isa = PBXBuildFile; fileRef = B524B4B6261FF9A800B8DB01 /* Home.storyboard */; };
		B524B4C0261FFB8800B8DB01 /* Result.storyboard in Resources */ = {isa = PBXBuildFile; fileRef = B524B4BF261FFB8800B8DB01 /* Result.storyboard */; };
		B57057522626479C00012FA4 /* BaseRequest.swift in Sources */ = {isa = PBXBuildFile; fileRef = B57057512626479C00012FA4 /* BaseRequest.swift */; };
		B57057842627572000012FA4 /* Constants.swift in Sources */ = {isa = PBXBuildFile; fileRef = B57057832627572000012FA4 /* Constants.swift */; };
		B5A5C5E626214DB700590A51 /* SimulatorService.swift in Sources */ = {isa = PBXBuildFile; fileRef = B5A5C5E526214DB700590A51 /* SimulatorService.swift */; };
		B5BFA6162622B30100D2E638 /* StoryboardInstantiable.swift in Sources */ = {isa = PBXBuildFile; fileRef = B5BFA6152622B30100D2E638 /* StoryboardInstantiable.swift */; };
		B5BFA61B2622B52B00D2E638 /* AppDIContainer.swift in Sources */ = {isa = PBXBuildFile; fileRef = B5BFA61A2622B52B00D2E638 /* AppDIContainer.swift */; };
		B5C7EE4E262281A900527029 /* SimulatorUseCase.swift in Sources */ = {isa = PBXBuildFile; fileRef = B5C7EE4D262281A900527029 /* SimulatorUseCase.swift */; };
		B5C7EE542622856300527029 /* HomeViewModel.swift in Sources */ = {isa = PBXBuildFile; fileRef = B5C7EE532622856300527029 /* HomeViewModel.swift */; };
		B5D7CDEB26256E4B007A7DE7 /* DataSimulatorModel.swift in Sources */ = {isa = PBXBuildFile; fileRef = B5D7CDEA26256E4B007A7DE7 /* DataSimulatorModel.swift */; };
		B5D7CE182625D7FC007A7DE7 /* ApiBuilder.swift in Sources */ = {isa = PBXBuildFile; fileRef = B5D7CE172625D7FC007A7DE7 /* ApiBuilder.swift */; };
		B5E88B3B2626002E0074B8E1 /* DataSimulatedRequest.swift in Sources */ = {isa = PBXBuildFile; fileRef = B5E88B3A2626002E0074B8E1 /* DataSimulatedRequest.swift */; };
		B5E88B41262603C10074B8E1 /* ResultSimulatedResponse.swift in Sources */ = {isa = PBXBuildFile; fileRef = B5E88B40262603C10074B8E1 /* ResultSimulatedResponse.swift */; };
		B5FC662F26183873007AB4C6 /* Lottie in Frameworks */ = {isa = PBXBuildFile; productRef = B5FC662E26183873007AB4C6 /* Lottie */; settings = {ATTRIBUTES = (Required, ); }; };
		B5FC6693261986E8007AB4C6 /* HomeViewController.swift in Sources */ = {isa = PBXBuildFile; fileRef = B5FC6692261986E8007AB4C6 /* HomeViewController.swift */; };
		BFF57D6DFA8B7FB0339EFF91 /* Pods_Simulator_SimulatorUITests.framework in Frameworks */ = {isa = PBXBuildFile; fileRef = CBDB181C67EA02DD949450FB /* Pods_Simulator_SimulatorUITests.framework */; };
/* End PBXBuildFile section */

/* Begin PBXContainerItemProxy section */
		B504FB55261065680020F07C /* PBXContainerItemProxy */ = {
			isa = PBXContainerItemProxy;
			containerPortal = B504FB36261065670020F07C /* Project object */;
			proxyType = 1;
			remoteGlobalIDString = B504FB3D261065670020F07C;
			remoteInfo = Simulator;
		};
		B504FB60261065680020F07C /* PBXContainerItemProxy */ = {
			isa = PBXContainerItemProxy;
			containerPortal = B504FB36261065670020F07C /* Project object */;
			proxyType = 1;
			remoteGlobalIDString = B504FB3D261065670020F07C;
			remoteInfo = Simulator;
		};
/* End PBXContainerItemProxy section */

/* Begin PBXCopyFilesBuildPhase section */
		B502BF42261D0436003E1DC0 /* Embed Frameworks */ = {
			isa = PBXCopyFilesBuildPhase;
			buildActionMask = 2147483647;
			dstPath = "";
			dstSubfolderSpec = 10;
			files = (
				B502BF41261D0436003E1DC0 /* (null) in Embed Frameworks */,
			);
			name = "Embed Frameworks";
			runOnlyForDeploymentPostprocessing = 0;
		};
/* End PBXCopyFilesBuildPhase section */

/* Begin PBXFileReference section */
		1A36D73B806EA7DB071563D3 /* Pods-Simulator-SimulatorUITests.debug.xcconfig */ = {isa = PBXFileReference; includeInIndex = 1; lastKnownFileType = text.xcconfig; name = "Pods-Simulator-SimulatorUITests.debug.xcconfig"; path = "Target Support Files/Pods-Simulator-SimulatorUITests/Pods-Simulator-SimulatorUITests.debug.xcconfig"; sourceTree = "<group>"; };
		1AA18D8C4C094F29FD3D5270 /* Pods-SimulatorTests.release.xcconfig */ = {isa = PBXFileReference; includeInIndex = 1; lastKnownFileType = text.xcconfig; name = "Pods-SimulatorTests.release.xcconfig"; path = "Target Support Files/Pods-SimulatorTests/Pods-SimulatorTests.release.xcconfig"; sourceTree = "<group>"; };
		2F03A30D24865E3CD23066C0 /* Pods-Simulator-SimulatorUITests.release.xcconfig */ = {isa = PBXFileReference; includeInIndex = 1; lastKnownFileType = text.xcconfig; name = "Pods-Simulator-SimulatorUITests.release.xcconfig"; path = "Target Support Files/Pods-Simulator-SimulatorUITests/Pods-Simulator-SimulatorUITests.release.xcconfig"; sourceTree = "<group>"; };
		6BC3487154996EDBC5753121 /* Pods_Simulator.framework */ = {isa = PBXFileReference; explicitFileType = wrapper.framework; includeInIndex = 0; path = Pods_Simulator.framework; sourceTree = BUILT_PRODUCTS_DIR; };
		832A14C88E21814C4FD64AC4 /* Pods-Simulator.debug.xcconfig */ = {isa = PBXFileReference; includeInIndex = 1; lastKnownFileType = text.xcconfig; name = "Pods-Simulator.debug.xcconfig"; path = "Target Support Files/Pods-Simulator/Pods-Simulator.debug.xcconfig"; sourceTree = "<group>"; };
		96B02F15EBDB2120FD5F1721 /* Pods-SimulatorTests.debug.xcconfig */ = {isa = PBXFileReference; includeInIndex = 1; lastKnownFileType = text.xcconfig; name = "Pods-SimulatorTests.debug.xcconfig"; path = "Target Support Files/Pods-SimulatorTests/Pods-SimulatorTests.debug.xcconfig"; sourceTree = "<group>"; };
		B504FB3E261065670020F07C /* Simulator.app */ = {isa = PBXFileReference; explicitFileType = wrapper.application; includeInIndex = 0; path = Simulator.app; sourceTree = BUILT_PRODUCTS_DIR; };
		B504FB41261065670020F07C /* AppDelegate.swift */ = {isa = PBXFileReference; lastKnownFileType = sourcecode.swift; path = AppDelegate.swift; sourceTree = "<group>"; };
		B504FB43261065670020F07C /* SceneDelegate.swift */ = {isa = PBXFileReference; lastKnownFileType = sourcecode.swift; path = SceneDelegate.swift; sourceTree = "<group>"; };
		B504FB45261065670020F07C /* SplashViewController.swift */ = {isa = PBXFileReference; lastKnownFileType = sourcecode.swift; path = SplashViewController.swift; sourceTree = "<group>"; };
		B504FB48261065670020F07C /* Base */ = {isa = PBXFileReference; lastKnownFileType = file.storyboard; name = Base; path = Base.lproj/Splash.storyboard; sourceTree = "<group>"; };
		B504FB4A261065680020F07C /* Assets.xcassets */ = {isa = PBXFileReference; lastKnownFileType = folder.assetcatalog; path = Assets.xcassets; sourceTree = "<group>"; };
		B504FB4D261065680020F07C /* Base */ = {isa = PBXFileReference; lastKnownFileType = file.storyboard; name = Base; path = Base.lproj/LaunchScreen.storyboard; sourceTree = "<group>"; };
		B504FB4F261065680020F07C /* Info.plist */ = {isa = PBXFileReference; lastKnownFileType = text.plist.xml; path = Info.plist; sourceTree = "<group>"; };
		B504FB54261065680020F07C /* SimulatorTests.xctest */ = {isa = PBXFileReference; explicitFileType = wrapper.cfbundle; includeInIndex = 0; path = SimulatorTests.xctest; sourceTree = BUILT_PRODUCTS_DIR; };
		B504FB58261065680020F07C /* SimulatorTests.swift */ = {isa = PBXFileReference; lastKnownFileType = sourcecode.swift; path = SimulatorTests.swift; sourceTree = "<group>"; };
		B504FB5A261065680020F07C /* Info.plist */ = {isa = PBXFileReference; lastKnownFileType = text.plist.xml; path = Info.plist; sourceTree = "<group>"; };
		B504FB5F261065680020F07C /* SimulatorUITests.xctest */ = {isa = PBXFileReference; explicitFileType = wrapper.cfbundle; includeInIndex = 0; path = SimulatorUITests.xctest; sourceTree = BUILT_PRODUCTS_DIR; };
		B504FB63261065680020F07C /* SimulatorUITests.swift */ = {isa = PBXFileReference; lastKnownFileType = sourcecode.swift; path = SimulatorUITests.swift; sourceTree = "<group>"; };
		B504FB65261065680020F07C /* Info.plist */ = {isa = PBXFileReference; lastKnownFileType = text.plist.xml; path = Info.plist; sourceTree = "<group>"; };
		B506868A26200EEF0008ECC9 /* Configuration.swift */ = {isa = PBXFileReference; lastKnownFileType = sourcecode.swift; path = Configuration.swift; sourceTree = "<group>"; };
		B5068692262010C30008ECC9 /* BaseApiError.swift */ = {isa = PBXFileReference; lastKnownFileType = sourcecode.swift; path = BaseApiError.swift; sourceTree = "<group>"; };
		B5068698262012340008ECC9 /* ApiRequestBase.swift */ = {isa = PBXFileReference; lastKnownFileType = sourcecode.swift; path = ApiRequestBase.swift; sourceTree = "<group>"; };
		B506869C262012480008ECC9 /* ParametersSimulatorResponse.swift */ = {isa = PBXFileReference; lastKnownFileType = sourcecode.swift; path = ParametersSimulatorResponse.swift; sourceTree = "<group>"; };
		B50686A0262014780008ECC9 /* ISimulatorRepository.swift */ = {isa = PBXFileReference; lastKnownFileType = sourcecode.swift; path = ISimulatorRepository.swift; sourceTree = "<group>"; };
		B50686A7262015F80008ECC9 /* SimulatorRepository.swift */ = {isa = PBXFileReference; lastKnownFileType = sourcecode.swift; path = SimulatorRepository.swift; sourceTree = "<group>"; };
		B524B449261D0AE000B8DB01 /* Dropdowns.framework */ = {isa = PBXFileReference; explicitFileType = wrapper.framework; path = Dropdowns.framework; sourceTree = BUILT_PRODUCTS_DIR; };
		B524B459261D0DF300B8DB01 /* Dropdowns.framework */ = {isa = PBXFileReference; explicitFileType = wrapper.framework; path = Dropdowns.framework; sourceTree = BUILT_PRODUCTS_DIR; };
		B524B469261D0E8E00B8DB01 /* iOSDropDown.framework */ = {isa = PBXFileReference; explicitFileType = wrapper.framework; path = iOSDropDown.framework; sourceTree = BUILT_PRODUCTS_DIR; };
		B524B47C261EB5AC00B8DB01 /* IQKeyboardManagerSwift.framework */ = {isa = PBXFileReference; explicitFileType = wrapper.framework; path = IQKeyboardManagerSwift.framework; sourceTree = BUILT_PRODUCTS_DIR; };
		B524B48E261F96DD00B8DB01 /* ResultViewController.swift */ = {isa = PBXFileReference; lastKnownFileType = sourcecode.swift; path = ResultViewController.swift; sourceTree = "<group>"; };
		B524B4A7261FE59A00B8DB01 /* simulator_splash.json */ = {isa = PBXFileReference; fileEncoding = 4; lastKnownFileType = text.json; name = simulator_splash.json; path = Assets/simulator_splash.json; sourceTree = "<group>"; };
		B524B4B6261FF9A800B8DB01 /* Home.storyboard */ = {isa = PBXFileReference; lastKnownFileType = file.storyboard; path = Home.storyboard; sourceTree = "<group>"; };
		B524B4BF261FFB8800B8DB01 /* Result.storyboard */ = {isa = PBXFileReference; lastKnownFileType = file.storyboard; path = Result.storyboard; sourceTree = "<group>"; };
		B53387A42622806300A43535 /* Alamofire.framework */ = {isa = PBXFileReference; explicitFileType = wrapper.framework; path = Alamofire.framework; sourceTree = BUILT_PRODUCTS_DIR; };
		B57057512626479C00012FA4 /* BaseRequest.swift */ = {isa = PBXFileReference; lastKnownFileType = sourcecode.swift; path = BaseRequest.swift; sourceTree = "<group>"; };
		B57057832627572000012FA4 /* Constants.swift */ = {isa = PBXFileReference; lastKnownFileType = sourcecode.swift; path = Constants.swift; sourceTree = "<group>"; };
		B5A5C5E526214DB700590A51 /* SimulatorService.swift */ = {isa = PBXFileReference; lastKnownFileType = sourcecode.swift; path = SimulatorService.swift; sourceTree = "<group>"; };
		B5A5C5F826215AA200590A51 /* RxSwift.framework */ = {isa = PBXFileReference; explicitFileType = wrapper.framework; path = RxSwift.framework; sourceTree = BUILT_PRODUCTS_DIR; };
		B5BFA6152622B30100D2E638 /* StoryboardInstantiable.swift */ = {isa = PBXFileReference; fileEncoding = 4; lastKnownFileType = sourcecode.swift; path = StoryboardInstantiable.swift; sourceTree = "<group>"; };
		B5BFA61A2622B52B00D2E638 /* AppDIContainer.swift */ = {isa = PBXFileReference; lastKnownFileType = sourcecode.swift; path = AppDIContainer.swift; sourceTree = "<group>"; };
		B5C7EE4D262281A900527029 /* SimulatorUseCase.swift */ = {isa = PBXFileReference; lastKnownFileType = sourcecode.swift; path = SimulatorUseCase.swift; sourceTree = "<group>"; };
		B5C7EE532622856300527029 /* HomeViewModel.swift */ = {isa = PBXFileReference; lastKnownFileType = sourcecode.swift; path = HomeViewModel.swift; sourceTree = "<group>"; };
		B5D7CDEA26256E4B007A7DE7 /* DataSimulatorModel.swift */ = {isa = PBXFileReference; lastKnownFileType = sourcecode.swift; path = DataSimulatorModel.swift; sourceTree = "<group>"; };
		B5D7CE172625D7FC007A7DE7 /* ApiBuilder.swift */ = {isa = PBXFileReference; lastKnownFileType = sourcecode.swift; path = ApiBuilder.swift; sourceTree = "<group>"; };
		B5E88B3A2626002E0074B8E1 /* DataSimulatedRequest.swift */ = {isa = PBXFileReference; lastKnownFileType = sourcecode.swift; path = DataSimulatedRequest.swift; sourceTree = "<group>"; };
		B5E88B40262603C10074B8E1 /* ResultSimulatedResponse.swift */ = {isa = PBXFileReference; lastKnownFileType = sourcecode.swift; path = ResultSimulatedResponse.swift; sourceTree = "<group>"; };
		B5FC6692261986E8007AB4C6 /* HomeViewController.swift */ = {isa = PBXFileReference; lastKnownFileType = sourcecode.swift; path = HomeViewController.swift; sourceTree = "<group>"; };
		CABDEB31649A597AD535C2D1 /* Pods-Simulator.release.xcconfig */ = {isa = PBXFileReference; includeInIndex = 1; lastKnownFileType = text.xcconfig; name = "Pods-Simulator.release.xcconfig"; path = "Target Support Files/Pods-Simulator/Pods-Simulator.release.xcconfig"; sourceTree = "<group>"; };
		CBDB181C67EA02DD949450FB /* Pods_Simulator_SimulatorUITests.framework */ = {isa = PBXFileReference; explicitFileType = wrapper.framework; includeInIndex = 0; path = Pods_Simulator_SimulatorUITests.framework; sourceTree = BUILT_PRODUCTS_DIR; };
		D56DDCF99DAD60DA72A65958 /* Pods_SimulatorTests.framework */ = {isa = PBXFileReference; explicitFileType = wrapper.framework; includeInIndex = 0; path = Pods_SimulatorTests.framework; sourceTree = BUILT_PRODUCTS_DIR; };
/* End PBXFileReference section */

/* Begin PBXFrameworksBuildPhase section */
		B504FB3B261065670020F07C /* Frameworks */ = {
			isa = PBXFrameworksBuildPhase;
			buildActionMask = 2147483647;
			files = (
				B5FC662F26183873007AB4C6 /* Lottie in Frameworks */,
				B524B46A261D0E8E00B8DB01 /* iOSDropDown.framework in Frameworks */,
				B524B47D261EB5AC00B8DB01 /* IQKeyboardManagerSwift.framework in Frameworks */,
				6FF762D03711DB99FE4158F7 /* Pods_Simulator.framework in Frameworks */,
			);
			runOnlyForDeploymentPostprocessing = 0;
		};
		B504FB51261065680020F07C /* Frameworks */ = {
			isa = PBXFrameworksBuildPhase;
			buildActionMask = 2147483647;
			files = (
				1E3A611E3F5939513CD20730 /* Pods_SimulatorTests.framework in Frameworks */,
			);
			runOnlyForDeploymentPostprocessing = 0;
		};
		B504FB5C261065680020F07C /* Frameworks */ = {
			isa = PBXFrameworksBuildPhase;
			buildActionMask = 2147483647;
			files = (
				BFF57D6DFA8B7FB0339EFF91 /* Pods_Simulator_SimulatorUITests.framework in Frameworks */,
			);
			runOnlyForDeploymentPostprocessing = 0;
		};
/* End PBXFrameworksBuildPhase section */

/* Begin PBXGroup section */
		6F594FACB4E92802519EDF0D /* Frameworks */ = {
			isa = PBXGroup;
			children = (
				B5A5C5F826215AA200590A51 /* RxSwift.framework */,
				B524B459261D0DF300B8DB01 /* Dropdowns.framework */,
				B524B47C261EB5AC00B8DB01 /* IQKeyboardManagerSwift.framework */,
				B524B469261D0E8E00B8DB01 /* iOSDropDown.framework */,
				B524B449261D0AE000B8DB01 /* Dropdowns.framework */,
				B53387A42622806300A43535 /* Alamofire.framework */,
				6BC3487154996EDBC5753121 /* Pods_Simulator.framework */,
				CBDB181C67EA02DD949450FB /* Pods_Simulator_SimulatorUITests.framework */,
				D56DDCF99DAD60DA72A65958 /* Pods_SimulatorTests.framework */,
			);
			name = Frameworks;
			sourceTree = "<group>";
		};
		AFFBF8B6AACE29AF8069BB47 /* Pods */ = {
			isa = PBXGroup;
			children = (
				832A14C88E21814C4FD64AC4 /* Pods-Simulator.debug.xcconfig */,
				CABDEB31649A597AD535C2D1 /* Pods-Simulator.release.xcconfig */,
				1A36D73B806EA7DB071563D3 /* Pods-Simulator-SimulatorUITests.debug.xcconfig */,
				2F03A30D24865E3CD23066C0 /* Pods-Simulator-SimulatorUITests.release.xcconfig */,
				96B02F15EBDB2120FD5F1721 /* Pods-SimulatorTests.debug.xcconfig */,
				1AA18D8C4C094F29FD3D5270 /* Pods-SimulatorTests.release.xcconfig */,
			);
			path = Pods;
			sourceTree = "<group>";
		};
		B504FB35261065670020F07C = {
			isa = PBXGroup;
			children = (
				B504FB40261065670020F07C /* Simulator */,
				B504FB57261065680020F07C /* SimulatorTests */,
				B504FB62261065680020F07C /* SimulatorUITests */,
				B504FB3F261065670020F07C /* Products */,
				AFFBF8B6AACE29AF8069BB47 /* Pods */,
				6F594FACB4E92802519EDF0D /* Frameworks */,
			);
			sourceTree = "<group>";
		};
		B504FB3F261065670020F07C /* Products */ = {
			isa = PBXGroup;
			children = (
				B504FB3E261065670020F07C /* Simulator.app */,
				B504FB54261065680020F07C /* SimulatorTests.xctest */,
				B504FB5F261065680020F07C /* SimulatorUITests.xctest */,
			);
			name = Products;
			sourceTree = "<group>";
		};
		B504FB40261065670020F07C /* Simulator */ = {
			isa = PBXGroup;
			children = (
				B524B4AD261FF85200B8DB01 /* Features */,
				B524B497261FD3D300B8DB01 /* Resources */,
				B524B496261FD34200B8DB01 /* Supporting Files */,
				B524B495261FD2E800B8DB01 /* Application */,
			);
			path = Simulator;
			sourceTree = "<group>";
		};
		B504FB57261065680020F07C /* SimulatorTests */ = {
			isa = PBXGroup;
			children = (
				B504FB58261065680020F07C /* SimulatorTests.swift */,
				B504FB5A261065680020F07C /* Info.plist */,
			);
			path = SimulatorTests;
			sourceTree = "<group>";
		};
		B504FB62261065680020F07C /* SimulatorUITests */ = {
			isa = PBXGroup;
			children = (
				B504FB63261065680020F07C /* SimulatorUITests.swift */,
				B504FB65261065680020F07C /* Info.plist */,
			);
			path = SimulatorUITests;
			sourceTree = "<group>";
		};
		B506868826200E9B0008ECC9 /* Data */ = {
			isa = PBXGroup;
			children = (
				B50686A62620154A0008ECC9 /* Repository */,
				B50686902620106A0008ECC9 /* Api */,
			);
			path = Data;
			sourceTree = "<group>";
		};
		B506868926200EB20008ECC9 /* Config */ = {
			isa = PBXGroup;
			children = (
				B506868A26200EEF0008ECC9 /* Configuration.swift */,
			);
			path = Config;
			sourceTree = "<group>";
		};
		B50686902620106A0008ECC9 /* Api */ = {
			isa = PBXGroup;
			children = (
				B5A5C5E426214D9800590A51 /* Services */,
				B506868926200EB20008ECC9 /* Config */,
				B5068691262010710008ECC9 /* Base */,
				B5D7CE172625D7FC007A7DE7 /* ApiBuilder.swift */,
			);
			path = Api;
			sourceTree = "<group>";
		};
		B5068691262010710008ECC9 /* Base */ = {
			isa = PBXGroup;
			children = (
				B5068698262012340008ECC9 /* ApiRequestBase.swift */,
				B5068692262010C30008ECC9 /* BaseApiError.swift */,
			);
			path = Base;
			sourceTree = "<group>";
		};
		B50686A62620154A0008ECC9 /* Repository */ = {
			isa = PBXGroup;
			children = (
				B50686A7262015F80008ECC9 /* SimulatorRepository.swift */,
			);
			path = Repository;
			sourceTree = "<group>";
		};
		B524B492261FD20D00B8DB01 /* Domain */ = {
			isa = PBXGroup;
			children = (
				B5D7CDE926256E0E007A7DE7 /* Model */,
				B524B494261FD26100B8DB01 /* UseCase */,
				B524B493261FD21A00B8DB01 /* Repository */,
			);
			path = Domain;
			sourceTree = "<group>";
		};
		B524B493261FD21A00B8DB01 /* Repository */ = {
			isa = PBXGroup;
			children = (
				B50686A0262014780008ECC9 /* ISimulatorRepository.swift */,
			);
			path = Repository;
			sourceTree = "<group>";
		};
		B524B494261FD26100B8DB01 /* UseCase */ = {
			isa = PBXGroup;
			children = (
				B5C7EE4D262281A900527029 /* SimulatorUseCase.swift */,
			);
			path = UseCase;
			sourceTree = "<group>";
		};
		B524B495261FD2E800B8DB01 /* Application */ = {
			isa = PBXGroup;
			children = (
				B5BFA6192622B51200D2E638 /* DIContainer */,
				B504FB43261065670020F07C /* SceneDelegate.swift */,
				B504FB41261065670020F07C /* AppDelegate.swift */,
			);
			path = Application;
			sourceTree = "<group>";
		};
		B524B496261FD34200B8DB01 /* Supporting Files */ = {
			isa = PBXGroup;
			children = (
				B504FB4F261065680020F07C /* Info.plist */,
			);
			path = "Supporting Files";
			sourceTree = "<group>";
			usesTabs = 0;
		};
		B524B497261FD3D300B8DB01 /* Resources */ = {
			isa = PBXGroup;
			children = (
				B504FB4C261065680020F07C /* LaunchScreen.storyboard */,
				B524B4A7261FE59A00B8DB01 /* simulator_splash.json */,
				B504FB4A261065680020F07C /* Assets.xcassets */,
			);
			path = Resources;
			sourceTree = "<group>";
		};
		B524B4AD261FF85200B8DB01 /* Features */ = {
			isa = PBXGroup;
			children = (
				B524B4BC261FFAE500B8DB01 /* Result */,
				B524B4B1261FF8B000B8DB01 /* Home */,
				B524B4B0261FF88700B8DB01 /* Splash */,
			);
			path = Features;
			sourceTree = "<group>";
		};
		B524B4AE261FF85E00B8DB01 /* views */ = {
			isa = PBXGroup;
			children = (
				B504FB47261065670020F07C /* Splash.storyboard */,
				B504FB45261065670020F07C /* SplashViewController.swift */,
			);
			path = views;
			sourceTree = "<group>";
		};
		B524B4AF261FF87700B8DB01 /* viewmodel */ = {
			isa = PBXGroup;
			children = (
			);
			path = viewmodel;
			sourceTree = "<group>";
		};
		B524B4B0261FF88700B8DB01 /* Splash */ = {
			isa = PBXGroup;
			children = (
				B5BFA6C026242BFA00D2E638 /* Presentation */,
			);
			path = Splash;
			sourceTree = "<group>";
		};
		B524B4B1261FF8B000B8DB01 /* Home */ = {
			isa = PBXGroup;
			children = (
				B506868826200E9B0008ECC9 /* Data */,
				B524B492261FD20D00B8DB01 /* Domain */,
				B5BFA6B726242AB400D2E638 /* Presentation */,
			);
			path = Home;
			sourceTree = "<group>";
		};
		B524B4B2261FF8B700B8DB01 /* view */ = {
			isa = PBXGroup;
			children = (
				B5FC6692261986E8007AB4C6 /* HomeViewController.swift */,
				B524B4B6261FF9A800B8DB01 /* Home.storyboard */,
			);
			path = view;
			sourceTree = "<group>";
		};
		B524B4B3261FF8BD00B8DB01 /* viewmodel */ = {
			isa = PBXGroup;
			children = (
				B5C7EE532622856300527029 /* HomeViewModel.swift */,
			);
			path = viewmodel;
			sourceTree = "<group>";
		};
		B524B4BC261FFAE500B8DB01 /* Result */ = {
			isa = PBXGroup;
			children = (
				B5BFA6C126242C0B00D2E638 /* Presentation */,
			);
			path = Result;
			sourceTree = "<group>";
		};
		B524B4BD261FFAF300B8DB01 /* view */ = {
			isa = PBXGroup;
			children = (
				B524B48E261F96DD00B8DB01 /* ResultViewController.swift */,
				B524B4BF261FFB8800B8DB01 /* Result.storyboard */,
			);
			path = view;
			sourceTree = "<group>";
		};
		B524B4BE261FFB5B00B8DB01 /* viewmodel */ = {
			isa = PBXGroup;
			children = (
			);
			path = viewmodel;
			sourceTree = "<group>";
		};
		B5A5C5E426214D9800590A51 /* Services */ = {
			isa = PBXGroup;
			children = (
				B5A5C5EB2621550F00590A51 /* Request */,
				B5A5C5EC262155C900590A51 /* Response */,
				B5A5C5E526214DB700590A51 /* SimulatorService.swift */,
			);
			path = Services;
			sourceTree = "<group>";
		};
		B5A5C5EB2621550F00590A51 /* Request */ = {
			isa = PBXGroup;
			children = (
				B5E88B3A2626002E0074B8E1 /* DataSimulatedRequest.swift */,
				B57057512626479C00012FA4 /* BaseRequest.swift */,
			);
			path = Request;
			sourceTree = "<group>";
		};
		B5A5C5EC262155C900590A51 /* Response */ = {
			isa = PBXGroup;
			children = (
				B506869C262012480008ECC9 /* ParametersSimulatorResponse.swift */,
				B5E88B40262603C10074B8E1 /* ResultSimulatedResponse.swift */,
			);
			path = Response;
			sourceTree = "<group>";
		};
		B5BFA6142622B2D200D2E638 /* Util */ = {
			isa = PBXGroup;
			children = (
				B5BFA6152622B30100D2E638 /* StoryboardInstantiable.swift */,
				B57057832627572000012FA4 /* Constants.swift */,
			);
			path = Util;
			sourceTree = "<group>";
		};
		B5BFA6192622B51200D2E638 /* DIContainer */ = {
			isa = PBXGroup;
			children = (
				B5BFA61A2622B52B00D2E638 /* AppDIContainer.swift */,
			);
			path = DIContainer;
			sourceTree = "<group>";
		};
		B5BFA6B726242AB400D2E638 /* Presentation */ = {
			isa = PBXGroup;
			children = (
				B5BFA6142622B2D200D2E638 /* Util */,
				B524B4B2261FF8B700B8DB01 /* view */,
				B524B4B3261FF8BD00B8DB01 /* viewmodel */,
			);
			path = Presentation;
			sourceTree = "<group>";
		};
		B5BFA6C026242BFA00D2E638 /* Presentation */ = {
			isa = PBXGroup;
			children = (
				B524B4AF261FF87700B8DB01 /* viewmodel */,
				B524B4AE261FF85E00B8DB01 /* views */,
			);
			path = Presentation;
			sourceTree = "<group>";
		};
		B5BFA6C126242C0B00D2E638 /* Presentation */ = {
			isa = PBXGroup;
			children = (
				B524B4BD261FFAF300B8DB01 /* view */,
				B524B4BE261FFB5B00B8DB01 /* viewmodel */,
			);
			path = Presentation;
			sourceTree = "<group>";
		};
		B5D7CDE926256E0E007A7DE7 /* Model */ = {
			isa = PBXGroup;
			children = (
				B5D7CDEA26256E4B007A7DE7 /* DataSimulatorModel.swift */,
			);
			path = Model;
			sourceTree = "<group>";
		};
/* End PBXGroup section */

/* Begin PBXNativeTarget section */
		B504FB3D261065670020F07C /* Simulator */ = {
			isa = PBXNativeTarget;
			buildConfigurationList = B504FB68261065680020F07C /* Build configuration list for PBXNativeTarget "Simulator" */;
			buildPhases = (
				E4179283036EBC9D6F711BBB /* [CP] Check Pods Manifest.lock */,
				B504FB3A261065670020F07C /* Sources */,
				B504FB3B261065670020F07C /* Frameworks */,
				B504FB3C261065670020F07C /* Resources */,
				B502BF42261D0436003E1DC0 /* Embed Frameworks */,
				E687C34585D2184A329A0D77 /* [CP] Embed Pods Frameworks */,
			);
			buildRules = (
			);
			dependencies = (
			);
			name = Simulator;
			packageProductDependencies = (
				B5FC662E26183873007AB4C6 /* Lottie */,
			);
			productName = Simulator;
			productReference = B504FB3E261065670020F07C /* Simulator.app */;
			productType = "com.apple.product-type.application";
		};
		B504FB53261065680020F07C /* SimulatorTests */ = {
			isa = PBXNativeTarget;
			buildConfigurationList = B504FB6B261065680020F07C /* Build configuration list for PBXNativeTarget "SimulatorTests" */;
			buildPhases = (
				86ED32EB5D9EABC2369776DD /* [CP] Check Pods Manifest.lock */,
				B504FB50261065680020F07C /* Sources */,
				B504FB51261065680020F07C /* Frameworks */,
				B504FB52261065680020F07C /* Resources */,
			);
			buildRules = (
			);
			dependencies = (
				B504FB56261065680020F07C /* PBXTargetDependency */,
			);
			name = SimulatorTests;
			productName = SimulatorTests;
			productReference = B504FB54261065680020F07C /* SimulatorTests.xctest */;
			productType = "com.apple.product-type.bundle.unit-test";
		};
		B504FB5E261065680020F07C /* SimulatorUITests */ = {
			isa = PBXNativeTarget;
			buildConfigurationList = B504FB6E261065680020F07C /* Build configuration list for PBXNativeTarget "SimulatorUITests" */;
			buildPhases = (
				40547F6EDA8E7434C7BAFF0F /* [CP] Check Pods Manifest.lock */,
				B504FB5B261065680020F07C /* Sources */,
				B504FB5C261065680020F07C /* Frameworks */,
				B504FB5D261065680020F07C /* Resources */,
				9B7B5115875E5F29F301566C /* [CP] Embed Pods Frameworks */,
			);
			buildRules = (
			);
			dependencies = (
				B504FB61261065680020F07C /* PBXTargetDependency */,
			);
			name = SimulatorUITests;
			productName = SimulatorUITests;
			productReference = B504FB5F261065680020F07C /* SimulatorUITests.xctest */;
			productType = "com.apple.product-type.bundle.ui-testing";
		};
/* End PBXNativeTarget section */

/* Begin PBXProject section */
		B504FB36261065670020F07C /* Project object */ = {
			isa = PBXProject;
			attributes = {
				LastSwiftUpdateCheck = 1240;
				LastUpgradeCheck = 1240;
				TargetAttributes = {
					B504FB3D261065670020F07C = {
						CreatedOnToolsVersion = 12.4;
					};
					B504FB53261065680020F07C = {
						CreatedOnToolsVersion = 12.4;
						TestTargetID = B504FB3D261065670020F07C;
					};
					B504FB5E261065680020F07C = {
						CreatedOnToolsVersion = 12.4;
						TestTargetID = B504FB3D261065670020F07C;
					};
				};
			};
			buildConfigurationList = B504FB39261065670020F07C /* Build configuration list for PBXProject "Simulator" */;
			compatibilityVersion = "Xcode 9.3";
			developmentRegion = en;
			hasScannedForEncodings = 0;
			knownRegions = (
				en,
				Base,
			);
			mainGroup = B504FB35261065670020F07C;
			packageReferences = (
				B5FC662D26183873007AB4C6 /* XCRemoteSwiftPackageReference "lottie-ios" */,
			);
			productRefGroup = B504FB3F261065670020F07C /* Products */;
			projectDirPath = "";
			projectRoot = "";
			targets = (
				B504FB3D261065670020F07C /* Simulator */,
				B504FB53261065680020F07C /* SimulatorTests */,
				B504FB5E261065680020F07C /* SimulatorUITests */,
			);
		};
/* End PBXProject section */

/* Begin PBXResourcesBuildPhase section */
		B504FB3C261065670020F07C /* Resources */ = {
			isa = PBXResourcesBuildPhase;
			buildActionMask = 2147483647;
			files = (
				B504FB4E261065680020F07C /* LaunchScreen.storyboard in Resources */,
				B524B4C0261FFB8800B8DB01 /* Result.storyboard in Resources */,
				B524B4B7261FF9A800B8DB01 /* Home.storyboard in Resources */,
				B504FB4B261065680020F07C /* Assets.xcassets in Resources */,
				B504FB49261065670020F07C /* Splash.storyboard in Resources */,
				B524B4A8261FE59A00B8DB01 /* simulator_splash.json in Resources */,
			);
			runOnlyForDeploymentPostprocessing = 0;
		};
		B504FB52261065680020F07C /* Resources */ = {
			isa = PBXResourcesBuildPhase;
			buildActionMask = 2147483647;
			files = (
			);
			runOnlyForDeploymentPostprocessing = 0;
		};
		B504FB5D261065680020F07C /* Resources */ = {
			isa = PBXResourcesBuildPhase;
			buildActionMask = 2147483647;
			files = (
			);
			runOnlyForDeploymentPostprocessing = 0;
		};
/* End PBXResourcesBuildPhase section */

/* Begin PBXShellScriptBuildPhase section */
		40547F6EDA8E7434C7BAFF0F /* [CP] Check Pods Manifest.lock */ = {
			isa = PBXShellScriptBuildPhase;
			buildActionMask = 2147483647;
			files = (
			);
			inputFileListPaths = (
			);
			inputPaths = (
				"${PODS_PODFILE_DIR_PATH}/Podfile.lock",
				"${PODS_ROOT}/Manifest.lock",
			);
			name = "[CP] Check Pods Manifest.lock";
			outputFileListPaths = (
			);
			outputPaths = (
				"$(DERIVED_FILE_DIR)/Pods-Simulator-SimulatorUITests-checkManifestLockResult.txt",
			);
			runOnlyForDeploymentPostprocessing = 0;
			shellPath = /bin/sh;
			shellScript = "diff \"${PODS_PODFILE_DIR_PATH}/Podfile.lock\" \"${PODS_ROOT}/Manifest.lock\" > /dev/null\nif [ $? != 0 ] ; then\n    # print error to STDERR\n    echo \"error: The sandbox is not in sync with the Podfile.lock. Run 'pod install' or update your CocoaPods installation.\" >&2\n    exit 1\nfi\n# This output is used by Xcode 'outputs' to avoid re-running this script phase.\necho \"SUCCESS\" > \"${SCRIPT_OUTPUT_FILE_0}\"\n";
			showEnvVarsInLog = 0;
		};
		86ED32EB5D9EABC2369776DD /* [CP] Check Pods Manifest.lock */ = {
			isa = PBXShellScriptBuildPhase;
			buildActionMask = 2147483647;
			files = (
			);
			inputFileListPaths = (
			);
			inputPaths = (
				"${PODS_PODFILE_DIR_PATH}/Podfile.lock",
				"${PODS_ROOT}/Manifest.lock",
			);
			name = "[CP] Check Pods Manifest.lock";
			outputFileListPaths = (
			);
			outputPaths = (
				"$(DERIVED_FILE_DIR)/Pods-SimulatorTests-checkManifestLockResult.txt",
			);
			runOnlyForDeploymentPostprocessing = 0;
			shellPath = /bin/sh;
			shellScript = "diff \"${PODS_PODFILE_DIR_PATH}/Podfile.lock\" \"${PODS_ROOT}/Manifest.lock\" > /dev/null\nif [ $? != 0 ] ; then\n    # print error to STDERR\n    echo \"error: The sandbox is not in sync with the Podfile.lock. Run 'pod install' or update your CocoaPods installation.\" >&2\n    exit 1\nfi\n# This output is used by Xcode 'outputs' to avoid re-running this script phase.\necho \"SUCCESS\" > \"${SCRIPT_OUTPUT_FILE_0}\"\n";
			showEnvVarsInLog = 0;
		};
		9B7B5115875E5F29F301566C /* [CP] Embed Pods Frameworks */ = {
			isa = PBXShellScriptBuildPhase;
			buildActionMask = 2147483647;
			files = (
			);
			inputFileListPaths = (
				"${PODS_ROOT}/Target Support Files/Pods-Simulator-SimulatorUITests/Pods-Simulator-SimulatorUITests-frameworks-${CONFIGURATION}-input-files.xcfilelist",
			);
			name = "[CP] Embed Pods Frameworks";
			outputFileListPaths = (
				"${PODS_ROOT}/Target Support Files/Pods-Simulator-SimulatorUITests/Pods-Simulator-SimulatorUITests-frameworks-${CONFIGURATION}-output-files.xcfilelist",
			);
			runOnlyForDeploymentPostprocessing = 0;
			shellPath = /bin/sh;
			shellScript = "\"${PODS_ROOT}/Target Support Files/Pods-Simulator-SimulatorUITests/Pods-Simulator-SimulatorUITests-frameworks.sh\"\n";
			showEnvVarsInLog = 0;
		};
		E4179283036EBC9D6F711BBB /* [CP] Check Pods Manifest.lock */ = {
			isa = PBXShellScriptBuildPhase;
			buildActionMask = 2147483647;
			files = (
			);
			inputFileListPaths = (
			);
			inputPaths = (
				"${PODS_PODFILE_DIR_PATH}/Podfile.lock",
				"${PODS_ROOT}/Manifest.lock",
			);
			name = "[CP] Check Pods Manifest.lock";
			outputFileListPaths = (
			);
			outputPaths = (
				"$(DERIVED_FILE_DIR)/Pods-Simulator-checkManifestLockResult.txt",
			);
			runOnlyForDeploymentPostprocessing = 0;
			shellPath = /bin/sh;
			shellScript = "diff \"${PODS_PODFILE_DIR_PATH}/Podfile.lock\" \"${PODS_ROOT}/Manifest.lock\" > /dev/null\nif [ $? != 0 ] ; then\n    # print error to STDERR\n    echo \"error: The sandbox is not in sync with the Podfile.lock. Run 'pod install' or update your CocoaPods installation.\" >&2\n    exit 1\nfi\n# This output is used by Xcode 'outputs' to avoid re-running this script phase.\necho \"SUCCESS\" > \"${SCRIPT_OUTPUT_FILE_0}\"\n";
			showEnvVarsInLog = 0;
		};
		E687C34585D2184A329A0D77 /* [CP] Embed Pods Frameworks */ = {
			isa = PBXShellScriptBuildPhase;
			buildActionMask = 2147483647;
			files = (
			);
			inputFileListPaths = (
				"${PODS_ROOT}/Target Support Files/Pods-Simulator/Pods-Simulator-frameworks-${CONFIGURATION}-input-files.xcfilelist",
			);
			name = "[CP] Embed Pods Frameworks";
			outputFileListPaths = (
				"${PODS_ROOT}/Target Support Files/Pods-Simulator/Pods-Simulator-frameworks-${CONFIGURATION}-output-files.xcfilelist",
			);
			runOnlyForDeploymentPostprocessing = 0;
			shellPath = /bin/sh;
			shellScript = "\"${PODS_ROOT}/Target Support Files/Pods-Simulator/Pods-Simulator-frameworks.sh\"\n";
			showEnvVarsInLog = 0;
		};
/* End PBXShellScriptBuildPhase section */

/* Begin PBXSourcesBuildPhase section */
		B504FB3A261065670020F07C /* Sources */ = {
			isa = PBXSourcesBuildPhase;
			buildActionMask = 2147483647;
			files = (
				B5D7CDEB26256E4B007A7DE7 /* DataSimulatorModel.swift in Sources */,
				B57057842627572000012FA4 /* Constants.swift in Sources */,
				B5BFA61B2622B52B00D2E638 /* AppDIContainer.swift in Sources */,
				B524B48F261F96DD00B8DB01 /* ResultViewController.swift in Sources */,
				B5068693262010C30008ECC9 /* BaseApiError.swift in Sources */,
				B57057522626479C00012FA4 /* BaseRequest.swift in Sources */,
				B5D7CE182625D7FC007A7DE7 /* ApiBuilder.swift in Sources */,
				B506868B26200EEF0008ECC9 /* Configuration.swift in Sources */,
				B5C7EE4E262281A900527029 /* SimulatorUseCase.swift in Sources */,
				B50686A8262015F80008ECC9 /* SimulatorRepository.swift in Sources */,
				B506869D262012480008ECC9 /* ParametersSimulatorResponse.swift in Sources */,
				B504FB46261065670020F07C /* SplashViewController.swift in Sources */,
				B5BFA6162622B30100D2E638 /* StoryboardInstantiable.swift in Sources */,
				B5E88B3B2626002E0074B8E1 /* DataSimulatedRequest.swift in Sources */,
				B5A5C5E626214DB700590A51 /* SimulatorService.swift in Sources */,
				B504FB42261065670020F07C /* AppDelegate.swift in Sources */,
				B5C7EE542622856300527029 /* HomeViewModel.swift in Sources */,
				B50686A1262014780008ECC9 /* ISimulatorRepository.swift in Sources */,
				B5068699262012340008ECC9 /* ApiRequestBase.swift in Sources */,
				B504FB44261065670020F07C /* SceneDelegate.swift in Sources */,
				B5E88B41262603C10074B8E1 /* ResultSimulatedResponse.swift in Sources */,
				B5FC6693261986E8007AB4C6 /* HomeViewController.swift in Sources */,
			);
			runOnlyForDeploymentPostprocessing = 0;
		};
		B504FB50261065680020F07C /* Sources */ = {
			isa = PBXSourcesBuildPhase;
			buildActionMask = 2147483647;
			files = (
				B504FB59261065680020F07C /* SimulatorTests.swift in Sources */,
			);
			runOnlyForDeploymentPostprocessing = 0;
		};
		B504FB5B261065680020F07C /* Sources */ = {
			isa = PBXSourcesBuildPhase;
			buildActionMask = 2147483647;
			files = (
				B504FB64261065680020F07C /* SimulatorUITests.swift in Sources */,
			);
			runOnlyForDeploymentPostprocessing = 0;
		};
/* End PBXSourcesBuildPhase section */

/* Begin PBXTargetDependency section */
		B504FB56261065680020F07C /* PBXTargetDependency */ = {
			isa = PBXTargetDependency;
			target = B504FB3D261065670020F07C /* Simulator */;
			targetProxy = B504FB55261065680020F07C /* PBXContainerItemProxy */;
		};
		B504FB61261065680020F07C /* PBXTargetDependency */ = {
			isa = PBXTargetDependency;
			target = B504FB3D261065670020F07C /* Simulator */;
			targetProxy = B504FB60261065680020F07C /* PBXContainerItemProxy */;
		};
/* End PBXTargetDependency section */

/* Begin PBXVariantGroup section */
		B504FB47261065670020F07C /* Splash.storyboard */ = {
			isa = PBXVariantGroup;
			children = (
				B504FB48261065670020F07C /* Base */,
			);
			name = Splash.storyboard;
			sourceTree = "<group>";
		};
		B504FB4C261065680020F07C /* LaunchScreen.storyboard */ = {
			isa = PBXVariantGroup;
			children = (
				B504FB4D261065680020F07C /* Base */,
			);
			name = LaunchScreen.storyboard;
			sourceTree = "<group>";
		};
/* End PBXVariantGroup section */

/* Begin XCBuildConfiguration section */
		B504FB66261065680020F07C /* Debug */ = {
			isa = XCBuildConfiguration;
			buildSettings = {
				ALWAYS_SEARCH_USER_PATHS = NO;
				CLANG_ANALYZER_NONNULL = YES;
				CLANG_ANALYZER_NUMBER_OBJECT_CONVERSION = YES_AGGRESSIVE;
				CLANG_CXX_LANGUAGE_STANDARD = "gnu++14";
				CLANG_CXX_LIBRARY = "libc++";
				CLANG_ENABLE_MODULES = YES;
				CLANG_ENABLE_OBJC_ARC = YES;
				CLANG_ENABLE_OBJC_WEAK = YES;
				CLANG_WARN_BLOCK_CAPTURE_AUTORELEASING = YES;
				CLANG_WARN_BOOL_CONVERSION = YES;
				CLANG_WARN_COMMA = YES;
				CLANG_WARN_CONSTANT_CONVERSION = YES;
				CLANG_WARN_DEPRECATED_OBJC_IMPLEMENTATIONS = YES;
				CLANG_WARN_DIRECT_OBJC_ISA_USAGE = YES_ERROR;
				CLANG_WARN_DOCUMENTATION_COMMENTS = YES;
				CLANG_WARN_EMPTY_BODY = YES;
				CLANG_WARN_ENUM_CONVERSION = YES;
				CLANG_WARN_INFINITE_RECURSION = YES;
				CLANG_WARN_INT_CONVERSION = YES;
				CLANG_WARN_NON_LITERAL_NULL_CONVERSION = YES;
				CLANG_WARN_OBJC_IMPLICIT_RETAIN_SELF = YES;
				CLANG_WARN_OBJC_LITERAL_CONVERSION = YES;
				CLANG_WARN_OBJC_ROOT_CLASS = YES_ERROR;
				CLANG_WARN_QUOTED_INCLUDE_IN_FRAMEWORK_HEADER = YES;
				CLANG_WARN_RANGE_LOOP_ANALYSIS = YES;
				CLANG_WARN_STRICT_PROTOTYPES = YES;
				CLANG_WARN_SUSPICIOUS_MOVE = YES;
				CLANG_WARN_UNGUARDED_AVAILABILITY = YES_AGGRESSIVE;
				CLANG_WARN_UNREACHABLE_CODE = YES;
				CLANG_WARN__DUPLICATE_METHOD_MATCH = YES;
				COPY_PHASE_STRIP = NO;
				DEAD_CODE_STRIPPING = YES;
				DEBUG_INFORMATION_FORMAT = dwarf;
				ENABLE_STRICT_OBJC_MSGSEND = YES;
				ENABLE_TESTABILITY = YES;
				GCC_C_LANGUAGE_STANDARD = gnu11;
				GCC_DYNAMIC_NO_PIC = NO;
				GCC_NO_COMMON_BLOCKS = YES;
				GCC_OPTIMIZATION_LEVEL = 0;
				GCC_PREPROCESSOR_DEFINITIONS = (
					"DEBUG=1",
					"$(inherited)",
				);
				GCC_WARN_64_TO_32_BIT_CONVERSION = YES;
				GCC_WARN_ABOUT_RETURN_TYPE = YES_ERROR;
				GCC_WARN_UNDECLARED_SELECTOR = YES;
				GCC_WARN_UNINITIALIZED_AUTOS = YES_AGGRESSIVE;
				GCC_WARN_UNUSED_FUNCTION = YES;
				GCC_WARN_UNUSED_VARIABLE = YES;
				IPHONEOS_DEPLOYMENT_TARGET = 13.0;
				MTL_ENABLE_DEBUG_INFO = INCLUDE_SOURCE;
				MTL_FAST_MATH = YES;
				ONLY_ACTIVE_ARCH = YES;
				SDKROOT = iphoneos;
				SWIFT_ACTIVE_COMPILATION_CONDITIONS = DEBUG;
				SWIFT_OPTIMIZATION_LEVEL = "-Onone";
			};
			name = Debug;
		};
		B504FB67261065680020F07C /* Release */ = {
			isa = XCBuildConfiguration;
			buildSettings = {
				ALWAYS_SEARCH_USER_PATHS = NO;
				CLANG_ANALYZER_NONNULL = YES;
				CLANG_ANALYZER_NUMBER_OBJECT_CONVERSION = YES_AGGRESSIVE;
				CLANG_CXX_LANGUAGE_STANDARD = "gnu++14";
				CLANG_CXX_LIBRARY = "libc++";
				CLANG_ENABLE_MODULES = YES;
				CLANG_ENABLE_OBJC_ARC = YES;
				CLANG_ENABLE_OBJC_WEAK = YES;
				CLANG_WARN_BLOCK_CAPTURE_AUTORELEASING = YES;
				CLANG_WARN_BOOL_CONVERSION = YES;
				CLANG_WARN_COMMA = YES;
				CLANG_WARN_CONSTANT_CONVERSION = YES;
				CLANG_WARN_DEPRECATED_OBJC_IMPLEMENTATIONS = YES;
				CLANG_WARN_DIRECT_OBJC_ISA_USAGE = YES_ERROR;
				CLANG_WARN_DOCUMENTATION_COMMENTS = YES;
				CLANG_WARN_EMPTY_BODY = YES;
				CLANG_WARN_ENUM_CONVERSION = YES;
				CLANG_WARN_INFINITE_RECURSION = YES;
				CLANG_WARN_INT_CONVERSION = YES;
				CLANG_WARN_NON_LITERAL_NULL_CONVERSION = YES;
				CLANG_WARN_OBJC_IMPLICIT_RETAIN_SELF = YES;
				CLANG_WARN_OBJC_LITERAL_CONVERSION = YES;
				CLANG_WARN_OBJC_ROOT_CLASS = YES_ERROR;
				CLANG_WARN_QUOTED_INCLUDE_IN_FRAMEWORK_HEADER = YES;
				CLANG_WARN_RANGE_LOOP_ANALYSIS = YES;
				CLANG_WARN_STRICT_PROTOTYPES = YES;
				CLANG_WARN_SUSPICIOUS_MOVE = YES;
				CLANG_WARN_UNGUARDED_AVAILABILITY = YES_AGGRESSIVE;
				CLANG_WARN_UNREACHABLE_CODE = YES;
				CLANG_WARN__DUPLICATE_METHOD_MATCH = YES;
				COPY_PHASE_STRIP = NO;
				DEAD_CODE_STRIPPING = YES;
				DEBUG_INFORMATION_FORMAT = "dwarf-with-dsym";
				ENABLE_NS_ASSERTIONS = NO;
				ENABLE_STRICT_OBJC_MSGSEND = YES;
				GCC_C_LANGUAGE_STANDARD = gnu11;
				GCC_NO_COMMON_BLOCKS = YES;
				GCC_WARN_64_TO_32_BIT_CONVERSION = YES;
				GCC_WARN_ABOUT_RETURN_TYPE = YES_ERROR;
				GCC_WARN_UNDECLARED_SELECTOR = YES;
				GCC_WARN_UNINITIALIZED_AUTOS = YES_AGGRESSIVE;
				GCC_WARN_UNUSED_FUNCTION = YES;
				GCC_WARN_UNUSED_VARIABLE = YES;
				IPHONEOS_DEPLOYMENT_TARGET = 13.0;
				MTL_ENABLE_DEBUG_INFO = NO;
				MTL_FAST_MATH = YES;
				SDKROOT = iphoneos;
				SWIFT_COMPILATION_MODE = wholemodule;
				SWIFT_OPTIMIZATION_LEVEL = "-O";
				VALIDATE_PRODUCT = YES;
			};
			name = Release;
		};
		B504FB69261065680020F07C /* Debug */ = {
			isa = XCBuildConfiguration;
			baseConfigurationReference = 832A14C88E21814C4FD64AC4 /* Pods-Simulator.debug.xcconfig */;
			buildSettings = {
				ASSETCATALOG_COMPILER_APPICON_NAME = AppIcon;
				ASSETCATALOG_COMPILER_GLOBAL_ACCENT_COLOR_NAME = AccentColor;
				CODE_SIGN_STYLE = Automatic;
				INFOPLIST_FILE = "Simulator/Supporting Files/Info.plist";
				LD_RUNPATH_SEARCH_PATHS = (
					"$(inherited)",
					"@executable_path/Frameworks",
				);
				PRODUCT_BUNDLE_IDENTIFIER = com.almeyda.simulator.Simulator;
				PRODUCT_NAME = "$(TARGET_NAME)";
				SWIFT_VERSION = 4.0;
				TARGETED_DEVICE_FAMILY = 1;
			};
			name = Debug;
		};
		B504FB6A261065680020F07C /* Release */ = {
			isa = XCBuildConfiguration;
			baseConfigurationReference = CABDEB31649A597AD535C2D1 /* Pods-Simulator.release.xcconfig */;
			buildSettings = {
				ASSETCATALOG_COMPILER_APPICON_NAME = AppIcon;
				ASSETCATALOG_COMPILER_GLOBAL_ACCENT_COLOR_NAME = AccentColor;
				CODE_SIGN_STYLE = Automatic;
				INFOPLIST_FILE = "Simulator/Supporting Files/Info.plist";
				LD_RUNPATH_SEARCH_PATHS = (
					"$(inherited)",
					"@executable_path/Frameworks",
				);
				PRODUCT_BUNDLE_IDENTIFIER = com.almeyda.simulator.Simulator;
				PRODUCT_NAME = "$(TARGET_NAME)";
				SWIFT_VERSION = 4.0;
				TARGETED_DEVICE_FAMILY = 1;
			};
			name = Release;
		};
		B504FB6C261065680020F07C /* Debug */ = {
			isa = XCBuildConfiguration;
			baseConfigurationReference = 96B02F15EBDB2120FD5F1721 /* Pods-SimulatorTests.debug.xcconfig */;
			buildSettings = {
				ALWAYS_EMBED_SWIFT_STANDARD_LIBRARIES = YES;
				BUNDLE_LOADER = "$(TEST_HOST)";
				CODE_SIGN_STYLE = Automatic;
				INFOPLIST_FILE = SimulatorTests/Info.plist;
				IPHONEOS_DEPLOYMENT_TARGET = 14.4;
				LD_RUNPATH_SEARCH_PATHS = (
					"$(inherited)",
					"@executable_path/Frameworks",
					"@loader_path/Frameworks",
				);
				PRODUCT_BUNDLE_IDENTIFIER = com.almeyda.simulator.SimulatorTests;
				PRODUCT_NAME = "$(TARGET_NAME)";
				SWIFT_VERSION = 5.0;
				TARGETED_DEVICE_FAMILY = "1,2";
				TEST_HOST = "$(BUILT_PRODUCTS_DIR)/Simulator.app/Simulator";
			};
			name = Debug;
		};
		B504FB6D261065680020F07C /* Release */ = {
			isa = XCBuildConfiguration;
			baseConfigurationReference = 1AA18D8C4C094F29FD3D5270 /* Pods-SimulatorTests.release.xcconfig */;
			buildSettings = {
				ALWAYS_EMBED_SWIFT_STANDARD_LIBRARIES = YES;
				BUNDLE_LOADER = "$(TEST_HOST)";
				CODE_SIGN_STYLE = Automatic;
				INFOPLIST_FILE = SimulatorTests/Info.plist;
				IPHONEOS_DEPLOYMENT_TARGET = 14.4;
				LD_RUNPATH_SEARCH_PATHS = (
					"$(inherited)",
					"@executable_path/Frameworks",
					"@loader_path/Frameworks",
				);
				PRODUCT_BUNDLE_IDENTIFIER = com.almeyda.simulator.SimulatorTests;
				PRODUCT_NAME = "$(TARGET_NAME)";
				SWIFT_VERSION = 5.0;
				TARGETED_DEVICE_FAMILY = "1,2";
				TEST_HOST = "$(BUILT_PRODUCTS_DIR)/Simulator.app/Simulator";
			};
			name = Release;
		};
		B504FB6F261065680020F07C /* Debug */ = {
			isa = XCBuildConfiguration;
			baseConfigurationReference = 1A36D73B806EA7DB071563D3 /* Pods-Simulator-SimulatorUITests.debug.xcconfig */;
			buildSettings = {
				ALWAYS_EMBED_SWIFT_STANDARD_LIBRARIES = YES;
				CODE_SIGN_STYLE = Automatic;
				INFOPLIST_FILE = SimulatorUITests/Info.plist;
				LD_RUNPATH_SEARCH_PATHS = (
					"$(inherited)",
					"@executable_path/Frameworks",
					"@loader_path/Frameworks",
				);
				PRODUCT_BUNDLE_IDENTIFIER = com.almeyda.simulator.SimulatorUITests;
				PRODUCT_NAME = "$(TARGET_NAME)";
				SWIFT_VERSION = 5.0;
				TARGETED_DEVICE_FAMILY = "1,2";
				TEST_TARGET_NAME = Simulator;
			};
			name = Debug;
		};
		B504FB70261065680020F07C /* Release */ = {
			isa = XCBuildConfiguration;
			baseConfigurationReference = 2F03A30D24865E3CD23066C0 /* Pods-Simulator-SimulatorUITests.release.xcconfig */;
			buildSettings = {
				ALWAYS_EMBED_SWIFT_STANDARD_LIBRARIES = YES;
				CODE_SIGN_STYLE = Automatic;
				INFOPLIST_FILE = SimulatorUITests/Info.plist;
				LD_RUNPATH_SEARCH_PATHS = (
					"$(inherited)",
					"@executable_path/Frameworks",
					"@loader_path/Frameworks",
				);
				PRODUCT_BUNDLE_IDENTIFIER = com.almeyda.simulator.SimulatorUITests;
				PRODUCT_NAME = "$(TARGET_NAME)";
				SWIFT_VERSION = 5.0;
				TARGETED_DEVICE_FAMILY = "1,2";
				TEST_TARGET_NAME = Simulator;
			};
			name = Release;
		};
/* End XCBuildConfiguration section */

/* Begin XCConfigurationList section */
		B504FB39261065670020F07C /* Build configuration list for PBXProject "Simulator" */ = {
			isa = XCConfigurationList;
			buildConfigurations = (
				B504FB66261065680020F07C /* Debug */,
				B504FB67261065680020F07C /* Release */,
			);
			defaultConfigurationIsVisible = 0;
			defaultConfigurationName = Debug;
		};
		B504FB68261065680020F07C /* Build configuration list for PBXNativeTarget "Simulator" */ = {
			isa = XCConfigurationList;
			buildConfigurations = (
				B504FB69261065680020F07C /* Debug */,
				B504FB6A261065680020F07C /* Release */,
			);
			defaultConfigurationIsVisible = 0;
			defaultConfigurationName = Debug;
		};
		B504FB6B261065680020F07C /* Build configuration list for PBXNativeTarget "SimulatorTests" */ = {
			isa = XCConfigurationList;
			buildConfigurations = (
				B504FB6C261065680020F07C /* Debug */,
				B504FB6D261065680020F07C /* Release */,
			);
			defaultConfigurationIsVisible = 0;
			defaultConfigurationName = Debug;
		};
		B504FB6E261065680020F07C /* Build configuration list for PBXNativeTarget "SimulatorUITests" */ = {
			isa = XCConfigurationList;
			buildConfigurations = (
				B504FB6F261065680020F07C /* Debug */,
				B504FB70261065680020F07C /* Release */,
			);
			defaultConfigurationIsVisible = 0;
			defaultConfigurationName = Debug;
		};
/* End XCConfigurationList section */

/* Begin XCRemoteSwiftPackageReference section */
		B5FC662D26183873007AB4C6 /* XCRemoteSwiftPackageReference "lottie-ios" */ = {
			isa = XCRemoteSwiftPackageReference;
			repositoryURL = "https://github.com/airbnb/lottie-ios";
			requirement = {
				kind = upToNextMajorVersion;
				minimumVersion = 3.1.6;
			};
		};
/* End XCRemoteSwiftPackageReference section */

/* Begin XCSwiftPackageProductDependency section */
		B5FC662E26183873007AB4C6 /* Lottie */ = {
			isa = XCSwiftPackageProductDependency;
			package = B5FC662D26183873007AB4C6 /* XCRemoteSwiftPackageReference "lottie-ios" */;
			productName = Lottie;
		};
/* End XCSwiftPackageProductDependency section */
	};
	rootObject = B504FB36261065670020F07C /* Project object */;
}
